// !$*UTF8*$!
{
	archiveVersion = 1;
	classes = {
	};
	objectVersion = 56;
	objects = {

/* Begin PBXBuildFile section */
		6E0A40E929FC3814001F31DE /* FavoritesViewController.swift in Sources */ = {isa = PBXBuildFile; fileRef = 6E0A40E829FC3814001F31DE /* FavoritesViewController.swift */; };
		6E0A40EB29FC7E54001F31DE /* TabBarController.swift in Sources */ = {isa = PBXBuildFile; fileRef = 6E0A40EA29FC7E54001F31DE /* TabBarController.swift */; };
		6E0A40ED29FD8742001F31DE /* Router.swift in Sources */ = {isa = PBXBuildFile; fileRef = 6E0A40EC29FD8742001F31DE /* Router.swift */; };
		6E0C903029CCA8BB00DCEE6E /* AppDelegate.swift in Sources */ = {isa = PBXBuildFile; fileRef = 6E0C902F29CCA8BB00DCEE6E /* AppDelegate.swift */; };
		6E0C903229CCA8BB00DCEE6E /* SceneDelegate.swift in Sources */ = {isa = PBXBuildFile; fileRef = 6E0C903129CCA8BB00DCEE6E /* SceneDelegate.swift */; };
		6E0C903929CCA8BD00DCEE6E /* Assets.xcassets in Resources */ = {isa = PBXBuildFile; fileRef = 6E0C903829CCA8BD00DCEE6E /* Assets.xcassets */; };
		6E0C903C29CCA8BD00DCEE6E /* LaunchScreen.storyboard in Resources */ = {isa = PBXBuildFile; fileRef = 6E0C903A29CCA8BD00DCEE6E /* LaunchScreen.storyboard */; };
		6E0C904529CCA8E600DCEE6E /* MovieAppData in Frameworks */ = {isa = PBXBuildFile; productRef = 6E0C904429CCA8E600DCEE6E /* MovieAppData */; };
		6E0C904829CCA90E00DCEE6E /* PureLayout in Frameworks */ = {isa = PBXBuildFile; productRef = 6E0C904729CCA90E00DCEE6E /* PureLayout */; };
		6E0C904A29CCF6FC00DCEE6E /* LogInViewController.swift in Sources */ = {isa = PBXBuildFile; fileRef = 6E0C904929CCF6FC00DCEE6E /* LogInViewController.swift */; };
		6E17F00A29DEFF560086DFB8 /* proximanova-extrabold.otf in Resources */ = {isa = PBXBuildFile; fileRef = 6E17F00729DEFF560086DFB8 /* proximanova-extrabold.otf */; };
		6E17F00B29DEFF560086DFB8 /* proximanova-semibold.otf in Resources */ = {isa = PBXBuildFile; fileRef = 6E17F00829DEFF560086DFB8 /* proximanova-semibold.otf */; };
		6E17F00C29DEFF560086DFB8 /* Proxima Nova Font.otf in Resources */ = {isa = PBXBuildFile; fileRef = 6E17F00929DEFF560086DFB8 /* Proxima Nova Font.otf */; };
		6E17F00E29DEFF700086DFB8 /* FontsFree-Net-Proxima-Nova-Bold.otf in Resources */ = {isa = PBXBuildFile; fileRef = 6E17F00D29DEFF700086DFB8 /* FontsFree-Net-Proxima-Nova-Bold.otf */; };
		6E17F01029DF01250086DFB8 /* Colors.swift in Sources */ = {isa = PBXBuildFile; fileRef = 6E17F00F29DF01250086DFB8 /* Colors.swift */; };
		6E17F01229DF68A10086DFB8 /* PersonCell.swift in Sources */ = {isa = PBXBuildFile; fileRef = 6E17F01129DF68A10086DFB8 /* PersonCell.swift */; };
		6E25429129DCD08000B93CC4 /* MovieCategoriesListViewController.swift in Sources */ = {isa = PBXBuildFile; fileRef = 6E25429029DCD08000B93CC4 /* MovieCategoriesListViewController.swift */; };
		6E61ED6929D08C91004422CF /* MovieDetailsViewController.swift in Sources */ = {isa = PBXBuildFile; fileRef = 6E61ED6829D08C90004422CF /* MovieDetailsViewController.swift */; };
		6E6B6A2229E0291800375504 /* ListCell.swift in Sources */ = {isa = PBXBuildFile; fileRef = 6E6B6A2129E0291800375504 /* ListCell.swift */; };
		6E6B6A2429E062BB00375504 /* MovieCell.swift in Sources */ = {isa = PBXBuildFile; fileRef = 6E6B6A2329E062BB00375504 /* MovieCell.swift */; };
		6E6B6A2629E0704F00375504 /* CollectionCell.swift in Sources */ = {isa = PBXBuildFile; fileRef = 6E6B6A2529E0704F00375504 /* CollectionCell.swift */; };
		6ECD564429D5A9B4000DB7FE /* Kingfisher in Frameworks */ = {isa = PBXBuildFile; productRef = 6ECD564329D5A9B4000DB7FE /* Kingfisher */; };
		6EECE74C29D8D83400E20C02 /* MovieListViewController.swift in Sources */ = {isa = PBXBuildFile; fileRef = 6EECE74B29D8D83400E20C02 /* MovieListViewController.swift */; };
/* End PBXBuildFile section */

/* Begin PBXFileReference section */
		6E0A40E829FC3814001F31DE /* FavoritesViewController.swift */ = {isa = PBXFileReference; lastKnownFileType = sourcecode.swift; path = FavoritesViewController.swift; sourceTree = "<group>"; };
		6E0A40EA29FC7E54001F31DE /* TabBarController.swift */ = {isa = PBXFileReference; lastKnownFileType = sourcecode.swift; path = TabBarController.swift; sourceTree = "<group>"; };
		6E0A40EC29FD8742001F31DE /* Router.swift */ = {isa = PBXFileReference; lastKnownFileType = sourcecode.swift; path = Router.swift; sourceTree = "<group>"; };
		6E0C902C29CCA8BB00DCEE6E /* MovieApp.app */ = {isa = PBXFileReference; explicitFileType = wrapper.application; includeInIndex = 0; path = MovieApp.app; sourceTree = BUILT_PRODUCTS_DIR; };
		6E0C902F29CCA8BB00DCEE6E /* AppDelegate.swift */ = {isa = PBXFileReference; lastKnownFileType = sourcecode.swift; path = AppDelegate.swift; sourceTree = "<group>"; };
		6E0C903129CCA8BB00DCEE6E /* SceneDelegate.swift */ = {isa = PBXFileReference; lastKnownFileType = sourcecode.swift; path = SceneDelegate.swift; sourceTree = "<group>"; };
		6E0C903829CCA8BD00DCEE6E /* Assets.xcassets */ = {isa = PBXFileReference; lastKnownFileType = folder.assetcatalog; path = Assets.xcassets; sourceTree = "<group>"; };
		6E0C903B29CCA8BD00DCEE6E /* Base */ = {isa = PBXFileReference; lastKnownFileType = file.storyboard; name = Base; path = Base.lproj/LaunchScreen.storyboard; sourceTree = "<group>"; };
		6E0C903D29CCA8BD00DCEE6E /* Info.plist */ = {isa = PBXFileReference; lastKnownFileType = text.plist.xml; path = Info.plist; sourceTree = "<group>"; };
		6E0C904929CCF6FC00DCEE6E /* LogInViewController.swift */ = {isa = PBXFileReference; lastKnownFileType = sourcecode.swift; path = LogInViewController.swift; sourceTree = "<group>"; };
		6E17F00729DEFF560086DFB8 /* proximanova-extrabold.otf */ = {isa = PBXFileReference; lastKnownFileType = file; path = "proximanova-extrabold.otf"; sourceTree = "<group>"; };
		6E17F00829DEFF560086DFB8 /* proximanova-semibold.otf */ = {isa = PBXFileReference; lastKnownFileType = file; path = "proximanova-semibold.otf"; sourceTree = "<group>"; };
		6E17F00929DEFF560086DFB8 /* Proxima Nova Font.otf */ = {isa = PBXFileReference; lastKnownFileType = file; path = "Proxima Nova Font.otf"; sourceTree = "<group>"; };
		6E17F00D29DEFF700086DFB8 /* FontsFree-Net-Proxima-Nova-Bold.otf */ = {isa = PBXFileReference; lastKnownFileType = file; path = "FontsFree-Net-Proxima-Nova-Bold.otf"; sourceTree = "<group>"; };
		6E17F00F29DF01250086DFB8 /* Colors.swift */ = {isa = PBXFileReference; lastKnownFileType = sourcecode.swift; path = Colors.swift; sourceTree = "<group>"; };
		6E17F01129DF68A10086DFB8 /* PersonCell.swift */ = {isa = PBXFileReference; lastKnownFileType = sourcecode.swift; path = PersonCell.swift; sourceTree = "<group>"; };
		6E25429029DCD08000B93CC4 /* MovieCategoriesListViewController.swift */ = {isa = PBXFileReference; lastKnownFileType = sourcecode.swift; path = MovieCategoriesListViewController.swift; sourceTree = "<group>"; };
		6E61ED6829D08C90004422CF /* MovieDetailsViewController.swift */ = {isa = PBXFileReference; lastKnownFileType = sourcecode.swift; path = MovieDetailsViewController.swift; sourceTree = "<group>"; };
		6E6B6A2129E0291800375504 /* ListCell.swift */ = {isa = PBXFileReference; lastKnownFileType = sourcecode.swift; path = ListCell.swift; sourceTree = "<group>"; };
		6E6B6A2329E062BB00375504 /* MovieCell.swift */ = {isa = PBXFileReference; lastKnownFileType = sourcecode.swift; path = MovieCell.swift; sourceTree = "<group>"; };
		6E6B6A2529E0704F00375504 /* CollectionCell.swift */ = {isa = PBXFileReference; lastKnownFileType = sourcecode.swift; path = CollectionCell.swift; sourceTree = "<group>"; };
		6EECE74B29D8D83400E20C02 /* MovieListViewController.swift */ = {isa = PBXFileReference; lastKnownFileType = sourcecode.swift; path = MovieListViewController.swift; sourceTree = "<group>"; };
/* End PBXFileReference section */

/* Begin PBXFrameworksBuildPhase section */
		6E0C902929CCA8BB00DCEE6E /* Frameworks */ = {
			isa = PBXFrameworksBuildPhase;
			buildActionMask = 2147483647;
			files = (
				6ECD564429D5A9B4000DB7FE /* Kingfisher in Frameworks */,
				6E0C904829CCA90E00DCEE6E /* PureLayout in Frameworks */,
				6E0C904529CCA8E600DCEE6E /* MovieAppData in Frameworks */,
			);
			runOnlyForDeploymentPostprocessing = 0;
		};
/* End PBXFrameworksBuildPhase section */

/* Begin PBXGroup section */
		6E0C902329CCA8BB00DCEE6E = {
			isa = PBXGroup;
			children = (
				6E0C902E29CCA8BB00DCEE6E /* MovieApp */,
				6E0C902D29CCA8BB00DCEE6E /* Products */,
			);
			sourceTree = "<group>";
		};
		6E0C902D29CCA8BB00DCEE6E /* Products */ = {
			isa = PBXGroup;
			children = (
				6E0C902C29CCA8BB00DCEE6E /* MovieApp.app */,
			);
			name = Products;
			sourceTree = "<group>";
		};
		6E0C902E29CCA8BB00DCEE6E /* MovieApp */ = {
			isa = PBXGroup;
			children = (
				6E61ED6129CD0B9F004422CF /* fonts */,
				6E0C902F29CCA8BB00DCEE6E /* AppDelegate.swift */,
				6E0C903129CCA8BB00DCEE6E /* SceneDelegate.swift */,
				6E0C903829CCA8BD00DCEE6E /* Assets.xcassets */,
				6E0C903A29CCA8BD00DCEE6E /* LaunchScreen.storyboard */,
				6E0C903D29CCA8BD00DCEE6E /* Info.plist */,
				6E0C904929CCF6FC00DCEE6E /* LogInViewController.swift */,
				6E61ED6829D08C90004422CF /* MovieDetailsViewController.swift */,
				6EECE74B29D8D83400E20C02 /* MovieListViewController.swift */,
				6E25429029DCD08000B93CC4 /* MovieCategoriesListViewController.swift */,
				6E17F00F29DF01250086DFB8 /* Colors.swift */,
				6E17F01129DF68A10086DFB8 /* PersonCell.swift */,
				6E6B6A2129E0291800375504 /* ListCell.swift */,
				6E6B6A2329E062BB00375504 /* MovieCell.swift */,
				6E6B6A2529E0704F00375504 /* CollectionCell.swift */,
				6E0A40E829FC3814001F31DE /* FavoritesViewController.swift */,
				6E0A40EA29FC7E54001F31DE /* TabBarController.swift */,
				6E0A40EC29FD8742001F31DE /* Router.swift */,
			);
			path = MovieApp;
			sourceTree = "<group>";
		};
		6E61ED6129CD0B9F004422CF /* fonts */ = {
			isa = PBXGroup;
			children = (
				6E17F00D29DEFF700086DFB8 /* FontsFree-Net-Proxima-Nova-Bold.otf */,
				6E17F00929DEFF560086DFB8 /* Proxima Nova Font.otf */,
				6E17F00729DEFF560086DFB8 /* proximanova-extrabold.otf */,
				6E17F00829DEFF560086DFB8 /* proximanova-semibold.otf */,
			);
			path = fonts;
			sourceTree = "<group>";
		};
/* End PBXGroup section */

/* Begin PBXNativeTarget section */
		6E0C902B29CCA8BB00DCEE6E /* MovieApp */ = {
			isa = PBXNativeTarget;
			buildConfigurationList = 6E0C904029CCA8BD00DCEE6E /* Build configuration list for PBXNativeTarget "MovieApp" */;
			buildPhases = (
				6E0C902829CCA8BB00DCEE6E /* Sources */,
				6E0C902929CCA8BB00DCEE6E /* Frameworks */,
				6E0C902A29CCA8BB00DCEE6E /* Resources */,
			);
			buildRules = (
			);
			dependencies = (
			);
			name = MovieApp;
			packageProductDependencies = (
				6E0C904429CCA8E600DCEE6E /* MovieAppData */,
				6E0C904729CCA90E00DCEE6E /* PureLayout */,
				6ECD564329D5A9B4000DB7FE /* Kingfisher */,
			);
			productName = MovieApp;
			productReference = 6E0C902C29CCA8BB00DCEE6E /* MovieApp.app */;
			productType = "com.apple.product-type.application";
		};
/* End PBXNativeTarget section */

/* Begin PBXProject section */
		6E0C902429CCA8BB00DCEE6E /* Project object */ = {
			isa = PBXProject;
			attributes = {
				BuildIndependentTargetsInParallel = 1;
				LastSwiftUpdateCheck = 1420;
				LastUpgradeCheck = 1420;
				TargetAttributes = {
					6E0C902B29CCA8BB00DCEE6E = {
						CreatedOnToolsVersion = 14.2;
					};
				};
			};
			buildConfigurationList = 6E0C902729CCA8BB00DCEE6E /* Build configuration list for PBXProject "MovieApp" */;
			compatibilityVersion = "Xcode 14.0";
			developmentRegion = en;
			hasScannedForEncodings = 0;
			knownRegions = (
				en,
				Base,
			);
			mainGroup = 6E0C902329CCA8BB00DCEE6E;
			packageReferences = (
				6E0C904329CCA8E600DCEE6E /* XCRemoteSwiftPackageReference "MovieAppData" */,
				6E0C904629CCA90E00DCEE6E /* XCRemoteSwiftPackageReference "PureLayout" */,
				6ECD564229D5A9B4000DB7FE /* XCRemoteSwiftPackageReference "Kingfisher" */,
			);
			productRefGroup = 6E0C902D29CCA8BB00DCEE6E /* Products */;
			projectDirPath = "";
			projectRoot = "";
			targets = (
				6E0C902B29CCA8BB00DCEE6E /* MovieApp */,
			);
		};
/* End PBXProject section */

/* Begin PBXResourcesBuildPhase section */
		6E0C902A29CCA8BB00DCEE6E /* Resources */ = {
			isa = PBXResourcesBuildPhase;
			buildActionMask = 2147483647;
			files = (
				6E0C903C29CCA8BD00DCEE6E /* LaunchScreen.storyboard in Resources */,
				6E17F00B29DEFF560086DFB8 /* proximanova-semibold.otf in Resources */,
				6E17F00C29DEFF560086DFB8 /* Proxima Nova Font.otf in Resources */,
				6E17F00A29DEFF560086DFB8 /* proximanova-extrabold.otf in Resources */,
				6E17F00E29DEFF700086DFB8 /* FontsFree-Net-Proxima-Nova-Bold.otf in Resources */,
				6E0C903929CCA8BD00DCEE6E /* Assets.xcassets in Resources */,
			);
			runOnlyForDeploymentPostprocessing = 0;
		};
/* End PBXResourcesBuildPhase section */

/* Begin PBXSourcesBuildPhase section */
		6E0C902829CCA8BB00DCEE6E /* Sources */ = {
			isa = PBXSourcesBuildPhase;
			buildActionMask = 2147483647;
			files = (
				6E6B6A2429E062BB00375504 /* MovieCell.swift in Sources */,
				6E0A40EB29FC7E54001F31DE /* TabBarController.swift in Sources */,
				6E61ED6929D08C91004422CF /* MovieDetailsViewController.swift in Sources */,
				6E17F01029DF01250086DFB8 /* Colors.swift in Sources */,
				6E0C903029CCA8BB00DCEE6E /* AppDelegate.swift in Sources */,
				6E6B6A2229E0291800375504 /* ListCell.swift in Sources */,
				6E25429129DCD08000B93CC4 /* MovieCategoriesListViewController.swift in Sources */,
				6E6B6A2629E0704F00375504 /* CollectionCell.swift in Sources */,
				6EECE74C29D8D83400E20C02 /* MovieListViewController.swift in Sources */,
				6E0C903229CCA8BB00DCEE6E /* SceneDelegate.swift in Sources */,
				6E0A40ED29FD8742001F31DE /* Router.swift in Sources */,
				6E17F01229DF68A10086DFB8 /* PersonCell.swift in Sources */,
				6E0A40E929FC3814001F31DE /* FavoritesViewController.swift in Sources */,
				6E0C904A29CCF6FC00DCEE6E /* LogInViewController.swift in Sources */,
			);
			runOnlyForDeploymentPostprocessing = 0;
		};
/* End PBXSourcesBuildPhase section */

/* Begin PBXVariantGroup section */
		6E0C903A29CCA8BD00DCEE6E /* LaunchScreen.storyboard */ = {
			isa = PBXVariantGroup;
			children = (
				6E0C903B29CCA8BD00DCEE6E /* Base */,
			);
			name = LaunchScreen.storyboard;
			sourceTree = "<group>";
		};
/* End PBXVariantGroup section */

/* Begin XCBuildConfiguration section */
		6E0C903E29CCA8BD00DCEE6E /* Debug */ = {
			isa = XCBuildConfiguration;
			buildSettings = {
				ALWAYS_SEARCH_USER_PATHS = NO;
				CLANG_ANALYZER_NONNULL = YES;
				CLANG_ANALYZER_NUMBER_OBJECT_CONVERSION = YES_AGGRESSIVE;
				CLANG_CXX_LANGUAGE_STANDARD = "gnu++20";
				CLANG_ENABLE_MODULES = YES;
				CLANG_ENABLE_OBJC_ARC = YES;
				CLANG_ENABLE_OBJC_WEAK = YES;
				CLANG_WARN_BLOCK_CAPTURE_AUTORELEASING = YES;
				CLANG_WARN_BOOL_CONVERSION = YES;
				CLANG_WARN_COMMA = YES;
				CLANG_WARN_CONSTANT_CONVERSION = YES;
				CLANG_WARN_DEPRECATED_OBJC_IMPLEMENTATIONS = YES;
				CLANG_WARN_DIRECT_OBJC_ISA_USAGE = YES_ERROR;
				CLANG_WARN_DOCUMENTATION_COMMENTS = YES;
				CLANG_WARN_EMPTY_BODY = YES;
				CLANG_WARN_ENUM_CONVERSION = YES;
				CLANG_WARN_INFINITE_RECURSION = YES;
				CLANG_WARN_INT_CONVERSION = YES;
				CLANG_WARN_NON_LITERAL_NULL_CONVERSION = YES;
				CLANG_WARN_OBJC_IMPLICIT_RETAIN_SELF = YES;
				CLANG_WARN_OBJC_LITERAL_CONVERSION = YES;
				CLANG_WARN_OBJC_ROOT_CLASS = YES_ERROR;
				CLANG_WARN_QUOTED_INCLUDE_IN_FRAMEWORK_HEADER = YES;
				CLANG_WARN_RANGE_LOOP_ANALYSIS = YES;
				CLANG_WARN_STRICT_PROTOTYPES = YES;
				CLANG_WARN_SUSPICIOUS_MOVE = YES;
				CLANG_WARN_UNGUARDED_AVAILABILITY = YES_AGGRESSIVE;
				CLANG_WARN_UNREACHABLE_CODE = YES;
				CLANG_WARN__DUPLICATE_METHOD_MATCH = YES;
				COPY_PHASE_STRIP = NO;
				DEBUG_INFORMATION_FORMAT = dwarf;
				ENABLE_STRICT_OBJC_MSGSEND = YES;
				ENABLE_TESTABILITY = YES;
				GCC_C_LANGUAGE_STANDARD = gnu11;
				GCC_DYNAMIC_NO_PIC = NO;
				GCC_NO_COMMON_BLOCKS = YES;
				GCC_OPTIMIZATION_LEVEL = 0;
				GCC_PREPROCESSOR_DEFINITIONS = (
					"DEBUG=1",
					"$(inherited)",
				);
				GCC_WARN_64_TO_32_BIT_CONVERSION = YES;
				GCC_WARN_ABOUT_RETURN_TYPE = YES_ERROR;
				GCC_WARN_UNDECLARED_SELECTOR = YES;
				GCC_WARN_UNINITIALIZED_AUTOS = YES_AGGRESSIVE;
				GCC_WARN_UNUSED_FUNCTION = YES;
				GCC_WARN_UNUSED_VARIABLE = YES;
				IPHONEOS_DEPLOYMENT_TARGET = 16.2;
				MTL_ENABLE_DEBUG_INFO = INCLUDE_SOURCE;
				MTL_FAST_MATH = YES;
				ONLY_ACTIVE_ARCH = YES;
				SDKROOT = iphoneos;
				SWIFT_ACTIVE_COMPILATION_CONDITIONS = DEBUG;
				SWIFT_OPTIMIZATION_LEVEL = "-Onone";
			};
			name = Debug;
		};
		6E0C903F29CCA8BD00DCEE6E /* Release */ = {
			isa = XCBuildConfiguration;
			buildSettings = {
				ALWAYS_SEARCH_USER_PATHS = NO;
				CLANG_ANALYZER_NONNULL = YES;
				CLANG_ANALYZER_NUMBER_OBJECT_CONVERSION = YES_AGGRESSIVE;
				CLANG_CXX_LANGUAGE_STANDARD = "gnu++20";
				CLANG_ENABLE_MODULES = YES;
				CLANG_ENABLE_OBJC_ARC = YES;
				CLANG_ENABLE_OBJC_WEAK = YES;
				CLANG_WARN_BLOCK_CAPTURE_AUTORELEASING = YES;
				CLANG_WARN_BOOL_CONVERSION = YES;
				CLANG_WARN_COMMA = YES;
				CLANG_WARN_CONSTANT_CONVERSION = YES;
				CLANG_WARN_DEPRECATED_OBJC_IMPLEMENTATIONS = YES;
				CLANG_WARN_DIRECT_OBJC_ISA_USAGE = YES_ERROR;
				CLANG_WARN_DOCUMENTATION_COMMENTS = YES;
				CLANG_WARN_EMPTY_BODY = YES;
				CLANG_WARN_ENUM_CONVERSION = YES;
				CLANG_WARN_INFINITE_RECURSION = YES;
				CLANG_WARN_INT_CONVERSION = YES;
				CLANG_WARN_NON_LITERAL_NULL_CONVERSION = YES;
				CLANG_WARN_OBJC_IMPLICIT_RETAIN_SELF = YES;
				CLANG_WARN_OBJC_LITERAL_CONVERSION = YES;
				CLANG_WARN_OBJC_ROOT_CLASS = YES_ERROR;
				CLANG_WARN_QUOTED_INCLUDE_IN_FRAMEWORK_HEADER = YES;
				CLANG_WARN_RANGE_LOOP_ANALYSIS = YES;
				CLANG_WARN_STRICT_PROTOTYPES = YES;
				CLANG_WARN_SUSPICIOUS_MOVE = YES;
				CLANG_WARN_UNGUARDED_AVAILABILITY = YES_AGGRESSIVE;
				CLANG_WARN_UNREACHABLE_CODE = YES;
				CLANG_WARN__DUPLICATE_METHOD_MATCH = YES;
				COPY_PHASE_STRIP = NO;
				DEBUG_INFORMATION_FORMAT = "dwarf-with-dsym";
				ENABLE_NS_ASSERTIONS = NO;
				ENABLE_STRICT_OBJC_MSGSEND = YES;
				GCC_C_LANGUAGE_STANDARD = gnu11;
				GCC_NO_COMMON_BLOCKS = YES;
				GCC_WARN_64_TO_32_BIT_CONVERSION = YES;
				GCC_WARN_ABOUT_RETURN_TYPE = YES_ERROR;
				GCC_WARN_UNDECLARED_SELECTOR = YES;
				GCC_WARN_UNINITIALIZED_AUTOS = YES_AGGRESSIVE;
				GCC_WARN_UNUSED_FUNCTION = YES;
				GCC_WARN_UNUSED_VARIABLE = YES;
				IPHONEOS_DEPLOYMENT_TARGET = 16.2;
				MTL_ENABLE_DEBUG_INFO = NO;
				MTL_FAST_MATH = YES;
				SDKROOT = iphoneos;
				SWIFT_COMPILATION_MODE = wholemodule;
				SWIFT_OPTIMIZATION_LEVEL = "-O";
				VALIDATE_PRODUCT = YES;
			};
			name = Release;
		};
		6E0C904129CCA8BD00DCEE6E /* Debug */ = {
			isa = XCBuildConfiguration;
			buildSettings = {
				ASSETCATALOG_COMPILER_APPICON_NAME = AppIcon;
				ASSETCATALOG_COMPILER_GLOBAL_ACCENT_COLOR_NAME = AccentColor;
				CODE_SIGN_STYLE = Automatic;
				CURRENT_PROJECT_VERSION = 1;
				DEVELOPMENT_TEAM = 9TL3BFZZU6;
				GENERATE_INFOPLIST_FILE = YES;
				INFOPLIST_FILE = MovieApp/Info.plist;
				INFOPLIST_KEY_UIApplicationSupportsIndirectInputEvents = YES;
				INFOPLIST_KEY_UILaunchStoryboardName = LaunchScreen;
				INFOPLIST_KEY_UISupportedInterfaceOrientations_iPad = "UIInterfaceOrientationPortrait UIInterfaceOrientationPortraitUpsideDown UIInterfaceOrientationLandscapeLeft UIInterfaceOrientationLandscapeRight";
				INFOPLIST_KEY_UISupportedInterfaceOrientations_iPhone = "UIInterfaceOrientationPortrait UIInterfaceOrientationLandscapeLeft UIInterfaceOrientationLandscapeRight";
				LD_RUNPATH_SEARCH_PATHS = (
					"$(inherited)",
					"@executable_path/Frameworks",
				);
				MARKETING_VERSION = 1.0;
				PRODUCT_BUNDLE_IDENTIFIER = hr.fer.hrastnik.iva.MovieApp;
				PRODUCT_NAME = "$(TARGET_NAME)";
				SWIFT_EMIT_LOC_STRINGS = YES;
				SWIFT_VERSION = 5.0;
				TARGETED_DEVICE_FAMILY = "1,2";
			};
			name = Debug;
		};
		6E0C904229CCA8BD00DCEE6E /* Release */ = {
			isa = XCBuildConfiguration;
			buildSettings = {
				ASSETCATALOG_COMPILER_APPICON_NAME = AppIcon;
				ASSETCATALOG_COMPILER_GLOBAL_ACCENT_COLOR_NAME = AccentColor;
				CODE_SIGN_STYLE = Automatic;
				CURRENT_PROJECT_VERSION = 1;
				DEVELOPMENT_TEAM = 9TL3BFZZU6;
				GENERATE_INFOPLIST_FILE = YES;
				INFOPLIST_FILE = MovieApp/Info.plist;
				INFOPLIST_KEY_UIApplicationSupportsIndirectInputEvents = YES;
				INFOPLIST_KEY_UILaunchStoryboardName = LaunchScreen;
				INFOPLIST_KEY_UISupportedInterfaceOrientations_iPad = "UIInterfaceOrientationPortrait UIInterfaceOrientationPortraitUpsideDown UIInterfaceOrientationLandscapeLeft UIInterfaceOrientationLandscapeRight";
				INFOPLIST_KEY_UISupportedInterfaceOrientations_iPhone = "UIInterfaceOrientationPortrait UIInterfaceOrientationLandscapeLeft UIInterfaceOrientationLandscapeRight";
				LD_RUNPATH_SEARCH_PATHS = (
					"$(inherited)",
					"@executable_path/Frameworks",
				);
				MARKETING_VERSION = 1.0;
				PRODUCT_BUNDLE_IDENTIFIER = hr.fer.hrastnik.iva.MovieApp;
				PRODUCT_NAME = "$(TARGET_NAME)";
				SWIFT_EMIT_LOC_STRINGS = YES;
				SWIFT_VERSION = 5.0;
				TARGETED_DEVICE_FAMILY = "1,2";
			};
			name = Release;
		};
/* End XCBuildConfiguration section */

/* Begin XCConfigurationList section */
		6E0C902729CCA8BB00DCEE6E /* Build configuration list for PBXProject "MovieApp" */ = {
			isa = XCConfigurationList;
			buildConfigurations = (
				6E0C903E29CCA8BD00DCEE6E /* Debug */,
				6E0C903F29CCA8BD00DCEE6E /* Release */,
			);
			defaultConfigurationIsVisible = 0;
			defaultConfigurationName = Release;
		};
		6E0C904029CCA8BD00DCEE6E /* Build configuration list for PBXNativeTarget "MovieApp" */ = {
			isa = XCConfigurationList;
			buildConfigurations = (
				6E0C904129CCA8BD00DCEE6E /* Debug */,
				6E0C904229CCA8BD00DCEE6E /* Release */,
			);
			defaultConfigurationIsVisible = 0;
			defaultConfigurationName = Release;
		};
/* End XCConfigurationList section */

/* Begin XCRemoteSwiftPackageReference section */
		6E0C904329CCA8E600DCEE6E /* XCRemoteSwiftPackageReference "MovieAppData" */ = {
			isa = XCRemoteSwiftPackageReference;
			repositoryURL = "https://github.com/fiveagency/MovieAppData";
			requirement = {
				kind = upToNextMajorVersion;
				minimumVersion = 2.1.0;
			};
		};
		6E0C904629CCA90E00DCEE6E /* XCRemoteSwiftPackageReference "PureLayout" */ = {
			isa = XCRemoteSwiftPackageReference;
			repositoryURL = "https://github.com/PureLayout/PureLayout.git";
			requirement = {
				kind = upToNextMajorVersion;
				minimumVersion = 3.0.0;
			};
		};
		6ECD564229D5A9B4000DB7FE /* XCRemoteSwiftPackageReference "Kingfisher" */ = {
			isa = XCRemoteSwiftPackageReference;
			repositoryURL = "https://github.com/onevcat/Kingfisher.git";
			requirement = {
				kind = upToNextMajorVersion;
				minimumVersion = 7.0.0;
			};
		};
/* End XCRemoteSwiftPackageReference section */

/* Begin XCSwiftPackageProductDependency section */
		6E0C904429CCA8E600DCEE6E /* MovieAppData */ = {
			isa = XCSwiftPackageProductDependency;
			package = 6E0C904329CCA8E600DCEE6E /* XCRemoteSwiftPackageReference "MovieAppData" */;
			productName = MovieAppData;
		};
		6E0C904729CCA90E00DCEE6E /* PureLayout */ = {
			isa = XCSwiftPackageProductDependency;
			package = 6E0C904629CCA90E00DCEE6E /* XCRemoteSwiftPackageReference "PureLayout" */;
			productName = PureLayout;
		};
		6ECD564329D5A9B4000DB7FE /* Kingfisher */ = {
			isa = XCSwiftPackageProductDependency;
			package = 6ECD564229D5A9B4000DB7FE /* XCRemoteSwiftPackageReference "Kingfisher" */;
			productName = Kingfisher;
		};
/* End XCSwiftPackageProductDependency section */
	};
	rootObject = 6E0C902429CCA8BB00DCEE6E /* Project object */;
}
